Microsoft Visual Studio Solution File, Format Version 11.00
# Visual Studio 2010
Project("{FAE04EC0-301F-11D3-BF4B-00C04F79EFBC}") = "TZ4Net", "TZ4Net\TZ4Net.csproj", "{4D6E777C-6490-4750-97E8-3B754594FD4C}"
EndProject
Project("{FAE04EC0-301F-11D3-BF4B-00C04F79EFBC}") = "TZ4NetDemo", "TZ4NetDemo\TZ4NetDemo.csproj", "{B56892ED-E764-4233-859B-9EC6FF707A2A}"
EndProject
Project("{FAE04EC0-301F-11D3-BF4B-00C04F79EFBC}") = "TZ4NetTests", "TZ4NetTests\TZ4NetTests.csproj", "{9E288981-622B-4A2D-AF0F-600601BDE33E}"
EndProject
Global
	GlobalSection(SolutionConfigurationPlatforms) = preSolution
		Debug|Any CPU = Debug|Any CPU
		Release|Any CPU = Release|Any CPU
	EndGlobalSection
	GlobalSection(ProjectConfigurationPlatforms) = postSolution
		{4D6E777C-6490-4750-97E8-3B754594FD4C}.Debug|Any CPU.ActiveCfg = Debug|Any CPU
		{4D6E777C-6490-4750-97E8-3B754594FD4C}.Debug|Any CPU.Build.0 = Debug|Any CPU
		{4D6E777C-6490-4750-97E8-3B754594FD4C}.Release|Any CPU.ActiveCfg = Release|Any CPU
		{4D6E777C-6490-4750-97E8-3B754594FD4C}.Release|Any CPU.Build.0 = Release|Any CPU
		{B56892ED-E764-4233-859B-9EC6FF707A2A}.Debug|Any CPU.ActiveCfg = Debug|Any CPU
		{B56892ED-E764-4233-859B-9EC6FF707A2A}.Debug|Any CPU.Build.0 = Debug|Any CPU
		{B56892ED-E764-4233-859B-9EC6FF707A2A}.Release|Any CPU.ActiveCfg = Release|Any CPU
		{B56892ED-E764-4233-859B-9EC6FF707A2A}.Release|Any CPU.Build.0 = Release|Any CPU
		{9E288981-622B-4A2D-AF0F-600601BDE33E}.Debug|Any CPU.ActiveCfg = Debug|Any CPU
		{9E288981-622B-4A2D-AF0F-600601BDE33E}.Debug|Any CPU.Build.0 = Debug|Any CPU
		{9E288981-622B-4A2D-AF0F-600601BDE33E}.Release|Any CPU.ActiveCfg = Release|Any CPU
		{9E288981-622B-4A2D-AF0F-600601BDE33E}.Release|Any CPU.Build.0 = Release|Any CPU
	EndGlobalSection
	GlobalSection(SolutionProperties) = preSolution
		HideSolutionNode = FALSE
	EndGlobalSection
EndGlobal
